
Microsoft Visual Studio Solution File, Format Version 12.00
# Visual Studio Version 17
VisualStudioVersion = 17.0.31717.71
MinimumVisualStudioVersion = 10.0.40219.1
Project("{FAE04EC0-301F-11D3-BF4B-00C04F79EFBC}") = "SampleAzureWebApp", "SampleAzureWebApp\SampleAzureWebApp.csproj", "{F6588D32-9958-41F7-9D0C-63A0F0C67C2B}"
EndProject
Global
	GlobalSection(SolutionConfigurationPlatforms) = preSolution
		Debug|Any CPU = Debug|Any CPU
		Release|Any CPU = Release|Any CPU
	EndGlobalSection
	GlobalSection(ProjectConfigurationPlatforms) = postSolution
		{F6588D32-9958-41F7-9D0C-63A0F0C67C2B}.Debug|Any CPU.ActiveCfg = Debug|Any CPU
		{F6588D32-9958-41F7-9D0C-63A0F0C67C2B}.Debug|Any CPU.Build.0 = Debug|Any CPU
		{F6588D32-9958-41F7-9D0C-63A0F0C67C2B}.Release|Any CPU.ActiveCfg = Release|Any CPU
		{F6588D32-9958-41F7-9D0C-63A0F0C67C2B}.Release|Any CPU.Build.0 = Release|Any CPU
	EndGlobalSection
	GlobalSection(SolutionProperties) = preSolution
		HideSolutionNode = FALSE
	EndGlobalSection
	GlobalSection(ExtensibilityGlobals) = postSolution
		SolutionGuid = {01F37054-0C31-4F7A-A831-45E7CEC7FE09}
	EndGlobalSection
EndGlobal
